
Microsoft Visual Studio Solution File, Format Version 12.00
# Visual Studio Version 16
VisualStudioVersion = 16.0.31424.327
MinimumVisualStudioVersion = 10.0.40219.1
Project("{FAE04EC0-301F-11D3-BF4B-00C04F79EFBC}") = "Findmaxgenerics", "Findmaxgenerics\Findmaxgenerics.csproj", "{A1B4DB8C-3B76-455D-8391-0860F7915A25}"
EndProject
Global
	GlobalSection(SolutionConfigurationPlatforms) = preSolution
		Debug|Any CPU = Debug|Any CPU
		Release|Any CPU = Release|Any CPU
	EndGlobalSection
	GlobalSection(ProjectConfigurationPlatforms) = postSolution
		{A1B4DB8C-3B76-455D-8391-0860F7915A25}.Debug|Any CPU.ActiveCfg = Debug|Any CPU
		{A1B4DB8C-3B76-455D-8391-0860F7915A25}.Debug|Any CPU.Build.0 = Debug|Any CPU
		{A1B4DB8C-3B76-455D-8391-0860F7915A25}.Release|Any CPU.ActiveCfg = Release|Any CPU
		{A1B4DB8C-3B76-455D-8391-0860F7915A25}.Release|Any CPU.Build.0 = Release|Any CPU
	EndGlobalSection
	GlobalSection(SolutionProperties) = preSolution
		HideSolutionNode = FALSE
	EndGlobalSection
	GlobalSection(ExtensibilityGlobals) = postSolution
		SolutionGuid = {D191D452-C2DC-4662-8351-5ABC9A58F0DE}
	EndGlobalSection
EndGlobal
